
Microsoft Visual Studio Solution File, Format Version 12.00
# Visual Studio Version 16
VisualStudioVersion = 16.0.29509.3
MinimumVisualStudioVersion = 10.0.40219.1
Project("{FAE04EC0-301F-11D3-BF4B-00C04F79EFBC}") = "AngularApplication", "AngularApplication.csproj", "{0DFF7003-4533-4F6F-911F-7082EEBA5FD9}"
EndProject
Global
	GlobalSection(SolutionConfigurationPlatforms) = preSolution
		Debug|Any CPU = Debug|Any CPU
		Release|Any CPU = Release|Any CPU
	EndGlobalSection
	GlobalSection(ProjectConfigurationPlatforms) = postSolution
		{0DFF7003-4533-4F6F-911F-7082EEBA5FD9}.Debug|Any CPU.ActiveCfg = Debug|Any CPU
		{0DFF7003-4533-4F6F-911F-7082EEBA5FD9}.Debug|Any CPU.Build.0 = Debug|Any CPU
		{0DFF7003-4533-4F6F-911F-7082EEBA5FD9}.Release|Any CPU.ActiveCfg = Release|Any CPU
		{0DFF7003-4533-4F6F-911F-7082EEBA5FD9}.Release|Any CPU.Build.0 = Release|Any CPU
	EndGlobalSection
	GlobalSection(SolutionProperties) = preSolution
		HideSolutionNode = FALSE
	EndGlobalSection
	GlobalSection(ExtensibilityGlobals) = postSolution
		SolutionGuid = {C66465A0-0244-4F56-9C4A-7B579366B4D8}
	EndGlobalSection
EndGlobal
